
Microsoft Visual Studio Solution File, Format Version 12.00
# Visual Studio Version 17
VisualStudioVersion = 17.7.34202.233
MinimumVisualStudioVersion = 10.0.40219.1
Project("{9A19103F-16F7-4668-BE54-9A1E7A4F7556}") = "AsyncTest", "AsyncTest\AsyncTest.csproj", "{58DC2B3B-214E-48F1-9A0D-02371D17D983}"
	ProjectSection(ProjectDependencies) = postProject
		{23260F15-A28C-48F1-A098-CA52BA8776B9} = {23260F15-A28C-48F1-A098-CA52BA8776B9}
	EndProjectSection
EndProject
Project("{9A19103F-16F7-4668-BE54-9A1E7A4F7556}") = "ConsoleApp1", "ConsoleApp1\ConsoleApp1.csproj", "{23260F15-A28C-48F1-A098-CA52BA8776B9}"
EndProject
Global
	GlobalSection(SolutionConfigurationPlatforms) = preSolution
		Debug|Any CPU = Debug|Any CPU
		Release|Any CPU = Release|Any CPU
	EndGlobalSection
	GlobalSection(ProjectConfigurationPlatforms) = postSolution
		{58DC2B3B-214E-48F1-9A0D-02371D17D983}.Debug|Any CPU.ActiveCfg = Debug|Any CPU
		{58DC2B3B-214E-48F1-9A0D-02371D17D983}.Debug|Any CPU.Build.0 = Debug|Any CPU
		{58DC2B3B-214E-48F1-9A0D-02371D17D983}.Release|Any CPU.ActiveCfg = Release|Any CPU
		{58DC2B3B-214E-48F1-9A0D-02371D17D983}.Release|Any CPU.Build.0 = Release|Any CPU
		{23260F15-A28C-48F1-A098-CA52BA8776B9}.Debug|Any CPU.ActiveCfg = Debug|Any CPU
		{23260F15-A28C-48F1-A098-CA52BA8776B9}.Debug|Any CPU.Build.0 = Debug|Any CPU
		{23260F15-A28C-48F1-A098-CA52BA8776B9}.Release|Any CPU.ActiveCfg = Release|Any CPU
		{23260F15-A28C-48F1-A098-CA52BA8776B9}.Release|Any CPU.Build.0 = Release|Any CPU
	EndGlobalSection
	GlobalSection(SolutionProperties) = preSolution
		HideSolutionNode = FALSE
	EndGlobalSection
	GlobalSection(ExtensibilityGlobals) = postSolution
		SolutionGuid = {119F89B9-8602-4C73-90C2-9E02BDCBA0AD}
	EndGlobalSection
EndGlobal
